{
  "name": "nodebb-theme-aerogarden",
  "version": "0.0.0",
  "lockfileVersion": 1,
  "dependencies": {
    "nodebb-theme-vanilla": {
      "version": "11.2.4",
      "resolved": "https://registry.npmjs.org/nodebb-theme-vanilla/-/nodebb-theme-vanilla-11.2.4.tgz",
      "integrity": "sha512-zNyh6XRoRAbNARH50dJyrh6NNjDehBMd6bue1gpbctX/nFZ/ggnIPfFQeQhGTchR5sG4XYTfcUFdRI7jPPXcPg=="
    }
  }
}
